
Microsoft Visual Studio Solution File, Format Version 12.00
# Visual Studio 2013
VisualStudioVersion = 12.0.21005.1
MinimumVisualStudioVersion = 10.0.40219.1
Project("{FAE04EC0-301F-11D3-BF4B-00C04F79EFBC}") = "AazarKhanTelstraSMSAPI.PCL", "AazarKhanTelstraSMSAPI.PCL/AazarKhanTelstraSMSAPI.PCL.csproj", "{9e5607b3-406c-4f10-b4d5-21331152232b}"
EndProject
Project("{FAE04EC0-301F-11D3-BF4B-00C04F79EFBC}") = "AazarKhanTelstraSMSAPI.Tests", "AazarKhanTelstraSMSAPI.Tests/AazarKhanTelstraSMSAPI.Tests.csproj", "{21388878-ae6f-478c-9637-1027e75e8c70}"
EndProject
Global
    GlobalSection(SolutionConfigurationPlatforms) = preSolution
        Debug|Any CPU = Debug|Any CPU
        Release|Any CPU = Release|Any CPU
    EndGlobalSection
    GlobalSection(ProjectConfigurationPlatforms) = postSolution
        {9e5607b3-406c-4f10-b4d5-21331152232b}.Debug|Any CPU.ActiveCfg = Debug|Any CPU
        {9e5607b3-406c-4f10-b4d5-21331152232b}.Debug|Any CPU.Build.0 = Debug|Any CPU
        {9e5607b3-406c-4f10-b4d5-21331152232b}.Release|Any CPU.ActiveCfg = Release|Any CPU
        {9e5607b3-406c-4f10-b4d5-21331152232b}.Release|Any CPU.Build.0 = Release|Any CPU
        {21388878-ae6f-478c-9637-1027e75e8c70}.Debug|Any CPU.ActiveCfg = Debug|Any CPU
        {21388878-ae6f-478c-9637-1027e75e8c70}.Debug|Any CPU.Build.0 = Debug|Any CPU
        {21388878-ae6f-478c-9637-1027e75e8c70}.Release|Any CPU.ActiveCfg = Release|Any CPU
        {21388878-ae6f-478c-9637-1027e75e8c70}.Release|Any CPU.Build.0 = Release|Any CPU
    EndGlobalSection
    GlobalSection(SolutionProperties) = preSolution
        HideSolutionNode = FALSE
    EndGlobalSection
EndGlobal
